github.com/aligator/checkpoint v0.0.3 h1:cbxQQTQFidB3N3sclkQOJpZqkR7gPfPjnZaRB3vshS0=
github.com/aligator/checkpoint v0.0.3/go.mod h1:hUKnRoj49H3F14uPqUTVERw3r3QCWdYx40gcdKnVE24=
github.com/rs/cors v1.10.1 h1:L0uuZVXIKlI1SShY2nhFfo44TYvDPQ1w4oFkUJNfhyo=
github.com/rs/cors v1.10.1/go.mod h1:XyqrcTp5zjWr1wsJ8PIRZssZ8b/WMcMf71DJnit4EMU=
github.com/spf13/pflag v1.0.5 h1:iy+VFUOCP1a+8yFto/drg2CJ5u0yRoB7fZw3DKv/JXA=
github.com/spf13/pflag v1.0.5/go.mod h1:McXfInJRrz4CZXVZOBLb0bTZqETkiAhM9Iw0y3An2Bg=
